Microsoft Visual Studio Solution File, Format Version 12.00
# Visual Studio Version 16
VisualStudioVersion = 16.0.28621.142
MinimumVisualStudioVersion = 10.0.40219.1
Project("{9A19103F-16F7-4668-BE54-9A1E7A4F7556}") = "FParsecCS", "FParsecCS\FParsecCS-LowTrust.csproj", "{8521556A-F853-4456-8D20-96C42F97E15A}"
EndProject
Project("{6EC3EE1D-3C4E-46DD-8F32-0CC8E7565705}") = "FParsec", "FParsec\FParsec-LowTrust.fsproj", "{019F9A66-F105-43C7-841D-E4D312659B61}"
EndProject
Project("{2150E333-8FDC-42A3-9474-1A3956D46DE8}") = "Samples", "Samples", "{01D1CDB5-2645-4929-865F-79B755DBC5B8}"
EndProject
Project("{6EC3EE1D-3C4E-46DD-8F32-0CC8E7565705}") = "Calculator", "Samples\Calculator\Calculator-LowTrust.fsproj", "{A9B15BCE-C37B-4BA6-BC72-6E8A438F205D}"
EndProject
Project("{2150E333-8FDC-42A3-9474-1A3956D46DE8}") = "FSharpParsingSample", "FSharpParsingSample", "{20AE5602-B9B6-434D-A41D-CB988AC49E79}"
EndProject
Project("{6EC3EE1D-3C4E-46DD-8F32-0CC8E7565705}") = "InterpFParsec", "Samples\FSharpParsingSample\FParsecVersion\InterpFParsec-LowTrust.fsproj", "{B56A16AD-5BFE-4D99-932C-9073CAFF3D80}"
EndProject
Project("{6EC3EE1D-3C4E-46DD-8F32-0CC8E7565705}") = "JsonParser", "Samples\JSON\JsonParser-LowTrust.fsproj", "{3889AFB4-60BC-46CB-9747-4BD2F413B351}"
EndProject
Project("{6EC3EE1D-3C4E-46DD-8F32-0CC8E7565705}") = "PegParser", "Samples\PEG\PegParser-LowTrust.fsproj", "{2E8F33E4-77F0-4954-9486-239D7124EB86}"
EndProject
Project("{6EC3EE1D-3C4E-46DD-8F32-0CC8E7565705}") = "Tutorial", "Samples\Tutorial\Tutorial-LowTrust.fsproj", "{CEDA985E-30D3-400E-9869-4A22D5F9ADA5}"
EndProject
Project("{6EC3EE1D-3C4E-46DD-8F32-0CC8E7565705}") = "Test", "Test\Test-LowTrust.fsproj", "{5AE7C1E6-A511-41A9-9A9F-E8A0944319A2}"
EndProject
Project("{2150E333-8FDC-42A3-9474-1A3956D46DE8}") = "Build", "Build", "{1C2DDDBD-BF95-4F55-8651-6EAD5D984BD9}"
	ProjectSection(SolutionItems) = preProject
		.travis.yml = .travis.yml
		appveyor.yml = appveyor.yml
		Directory.Build.props = Directory.Build.props
		Build\FParsec.Common.targets = Build\FParsec.Common.targets
		global.json = global.json
		pack.ps1 = pack.ps1
		readme.md = readme.md
	EndProjectSection
EndProject
Project("{6EC3EE1D-3C4E-46DD-8F32-0CC8E7565705}") = "InterpLexYacc", "Samples\FSharpParsingSample\LexYaccVersion\InterpLexYacc.fsproj", "{C0616007-EAC1-4648-9124-727B4539EEB4}"
EndProject
Global
	GlobalSection(SolutionConfigurationPlatforms) = preSolution
		Debug-LowTrust|Any CPU = Debug-LowTrust|Any CPU
		Debug-LowTrust|x64 = Debug-LowTrust|x64
		Debug-LowTrust|x86 = Debug-LowTrust|x86
		Release-LowTrust|Any CPU = Release-LowTrust|Any CPU
		Release-LowTrust|x64 = Release-LowTrust|x64
		Release-LowTrust|x86 = Release-LowTrust|x86
	EndGlobalSection
	GlobalSection(ProjectConfigurationPlatforms) = postSolution
		{8521556A-F853-4456-8D20-96C42F97E15A}.Debug-LowTrust|Any CPU.ActiveCfg = Debug-LowTrust|Any CPU
		{8521556A-F853-4456-8D20-96C42F97E15A}.Debug-LowTrust|Any CPU.Build.0 = Debug-LowTrust|Any CPU
		{8521556A-F853-4456-8D20-96C42F97E15A}.Debug-LowTrust|x64.ActiveCfg = Debug-LowTrust|Any CPU
		{8521556A-F853-4456-8D20-96C42F97E15A}.Debug-LowTrust|x64.Build.0 = Debug-LowTrust|Any CPU
		{8521556A-F853-4456-8D20-96C42F97E15A}.Debug-LowTrust|x86.ActiveCfg = Debug-LowTrust|Any CPU
		{8521556A-F853-4456-8D20-96C42F97E15A}.Debug-LowTrust|x86.Build.0 = Debug-LowTrust|Any CPU
		{8521556A-F853-4456-8D20-96C42F97E15A}.Release-LowTrust|Any CPU.ActiveCfg = Release-LowTrust|Any CPU
		{8521556A-F853-4456-8D20-96C42F97E15A}.Release-LowTrust|Any CPU.Build.0 = Release-LowTrust|Any CPU
		{8521556A-F853-4456-8D20-96C42F97E15A}.Release-LowTrust|x64.ActiveCfg = Release-LowTrust|Any CPU
		{8521556A-F853-4456-8D20-96C42F97E15A}.Release-LowTrust|x64.Build.0 = Release-LowTrust|Any CPU
		{8521556A-F853-4456-8D20-96C42F97E15A}.Release-LowTrust|x86.ActiveCfg = Release-LowTrust|Any CPU
		{8521556A-F853-4456-8D20-96C42F97E15A}.Release-LowTrust|x86.Build.0 = Release-LowTrust|Any CPU
		{019F9A66-F105-43C7-841D-E4D312659B61}.Debug-LowTrust|Any CPU.ActiveCfg = Debug-LowTrust|Any CPU
		{019F9A66-F105-43C7-841D-E4D312659B61}.Debug-LowTrust|Any CPU.Build.0 = Debug-LowTrust|Any CPU
		{019F9A66-F105-43C7-841D-E4D312659B61}.Debug-LowTrust|x64.ActiveCfg = Debug-LowTrust|Any CPU
		{019F9A66-F105-43C7-841D-E4D312659B61}.Debug-LowTrust|x64.Build.0 = Debug-LowTrust|Any CPU
		{019F9A66-F105-43C7-841D-E4D312659B61}.Debug-LowTrust|x86.ActiveCfg = Debug-LowTrust|Any CPU
		{019F9A66-F105-43C7-841D-E4D312659B61}.Debug-LowTrust|x86.Build.0 = Debug-LowTrust|Any CPU
		{019F9A66-F105-43C7-841D-E4D312659B61}.Release-LowTrust|Any CPU.ActiveCfg = Release-LowTrust|Any CPU
		{019F9A66-F105-43C7-841D-E4D312659B61}.Release-LowTrust|Any CPU.Build.0 = Release-LowTrust|Any CPU
		{019F9A66-F105-43C7-841D-E4D312659B61}.Release-LowTrust|x64.ActiveCfg = Release-LowTrust|Any CPU
		{019F9A66-F105-43C7-841D-E4D312659B61}.Release-LowTrust|x64.Build.0 = Release-LowTrust|Any CPU
		{019F9A66-F105-43C7-841D-E4D312659B61}.Release-LowTrust|x86.ActiveCfg = Release-LowTrust|Any CPU
		{019F9A66-F105-43C7-841D-E4D312659B61}.Release-LowTrust|x86.Build.0 = Release-LowTrust|Any CPU
		{A9B15BCE-C37B-4BA6-BC72-6E8A438F205D}.Debug-LowTrust|Any CPU.ActiveCfg = Debug-LowTrust|Any CPU
		{A9B15BCE-C37B-4BA6-BC72-6E8A438F205D}.Debug-LowTrust|Any CPU.Build.0 = Debug-LowTrust|Any CPU
		{A9B15BCE-C37B-4BA6-BC72-6E8A438F205D}.Debug-LowTrust|x64.ActiveCfg = Debug-LowTrust|Any CPU
		{A9B15BCE-C37B-4BA6-BC72-6E8A438F205D}.Debug-LowTrust|x64.Build.0 = Debug-LowTrust|Any CPU
		{A9B15BCE-C37B-4BA6-BC72-6E8A438F205D}.Debug-LowTrust|x86.ActiveCfg = Debug-LowTrust|Any CPU
		{A9B15BCE-C37B-4BA6-BC72-6E8A438F205D}.Debug-LowTrust|x86.Build.0 = Debug-LowTrust|Any CPU
		{A9B15BCE-C37B-4BA6-BC72-6E8A438F205D}.Release-LowTrust|Any CPU.ActiveCfg = Release-LowTrust|Any CPU
		{A9B15BCE-C37B-4BA6-BC72-6E8A438F205D}.Release-LowTrust|Any CPU.Build.0 = Release-LowTrust|Any CPU
		{A9B15BCE-C37B-4BA6-BC72-6E8A438F205D}.Release-LowTrust|x64.ActiveCfg = Release-LowTrust|Any CPU
		{A9B15BCE-C37B-4BA6-BC72-6E8A438F205D}.Release-LowTrust|x64.Build.0 = Release-LowTrust|Any CPU
		{A9B15BCE-C37B-4BA6-BC72-6E8A438F205D}.Release-LowTrust|x86.ActiveCfg = Release-LowTrust|Any CPU
		{A9B15BCE-C37B-4BA6-BC72-6E8A438F205D}.Release-LowTrust|x86.Build.0 = Release-LowTrust|Any CPU
		{B56A16AD-5BFE-4D99-932C-9073CAFF3D80}.Debug-LowTrust|Any CPU.ActiveCfg = Debug-LowTrust|Any CPU
		{B56A16AD-5BFE-4D99-932C-9073CAFF3D80}.Debug-LowTrust|Any CPU.Build.0 = Debug-LowTrust|Any CPU
		{B56A16AD-5BFE-4D99-932C-9073CAFF3D80}.Debug-LowTrust|x64.ActiveCfg = Debug-LowTrust|Any CPU
		{B56A16AD-5BFE-4D99-932C-9073CAFF3D80}.Debug-LowTrust|x64.Build.0 = Debug-LowTrust|Any CPU
		{B56A16AD-5BFE-4D99-932C-9073CAFF3D80}.Debug-LowTrust|x86.ActiveCfg = Debug-LowTrust|Any CPU
		{B56A16AD-5BFE-4D99-932C-9073CAFF3D80}.Debug-LowTrust|x86.Build.0 = Debug-LowTrust|Any CPU
		{B56A16AD-5BFE-4D99-932C-9073CAFF3D80}.Release-LowTrust|Any CPU.ActiveCfg = Release-LowTrust|Any CPU
		{B56A16AD-5BFE-4D99-932C-9073CAFF3D80}.Release-LowTrust|Any CPU.Build.0 = Release-LowTrust|Any CPU
		{B56A16AD-5BFE-4D99-932C-9073CAFF3D80}.Release-LowTrust|x64.ActiveCfg = Release-LowTrust|Any CPU
		{B56A16AD-5BFE-4D99-932C-9073CAFF3D80}.Release-LowTrust|x64.Build.0 = Release-LowTrust|Any CPU
		{B56A16AD-5BFE-4D99-932C-9073CAFF3D80}.Release-LowTrust|x86.ActiveCfg = Release-LowTrust|Any CPU
		{B56A16AD-5BFE-4D99-932C-9073CAFF3D80}.Release-LowTrust|x86.Build.0 = Release-LowTrust|Any CPU
		{3889AFB4-60BC-46CB-9747-4BD2F413B351}.Debug-LowTrust|Any CPU.ActiveCfg = Debug-LowTrust|Any CPU
		{3889AFB4-60BC-46CB-9747-4BD2F413B351}.Debug-LowTrust|Any CPU.Build.0 = Debug-LowTrust|Any CPU
		{3889AFB4-60BC-46CB-9747-4BD2F413B351}.Debug-LowTrust|x64.ActiveCfg = Debug-LowTrust|Any CPU
		{3889AFB4-60BC-46CB-9747-4BD2F413B351}.Debug-LowTrust|x64.Build.0 = Debug-LowTrust|Any CPU
		{3889AFB4-60BC-46CB-9747-4BD2F413B351}.Debug-LowTrust|x86.ActiveCfg = Debug-LowTrust|Any CPU
		{3889AFB4-60BC-46CB-9747-4BD2F413B351}.Debug-LowTrust|x86.Build.0 = Debug-LowTrust|Any CPU
		{3889AFB4-60BC-46CB-9747-4BD2F413B351}.Release-LowTrust|Any CPU.ActiveCfg = Release-LowTrust|Any CPU
		{3889AFB4-60BC-46CB-9747-4BD2F413B351}.Release-LowTrust|Any CPU.Build.0 = Release-LowTrust|Any CPU
		{3889AFB4-60BC-46CB-9747-4BD2F413B351}.Release-LowTrust|x64.ActiveCfg = Release-LowTrust|Any CPU
		{3889AFB4-60BC-46CB-9747-4BD2F413B351}.Release-LowTrust|x64.Build.0 = Release-LowTrust|Any CPU
		{3889AFB4-60BC-46CB-9747-4BD2F413B351}.Release-LowTrust|x86.ActiveCfg = Release-LowTrust|Any CPU
		{3889AFB4-60BC-46CB-9747-4BD2F413B351}.Release-LowTrust|x86.Build.0 = Release-LowTrust|Any CPU
		{2E8F33E4-77F0-4954-9486-239D7124EB86}.Debug-LowTrust|Any CPU.ActiveCfg = Debug-LowTrust|Any CPU
		{2E8F33E4-77F0-4954-9486-239D7124EB86}.Debug-LowTrust|Any CPU.Build.0 = Debug-LowTrust|Any CPU
		{2E8F33E4-77F0-4954-9486-239D7124EB86}.Debug-LowTrust|x64.ActiveCfg = Debug-LowTrust|Any CPU
		{2E8F33E4-77F0-4954-9486-239D7124EB86}.Debug-LowTrust|x64.Build.0 = Debug-LowTrust|Any CPU
		{2E8F33E4-77F0-4954-9486-239D7124EB86}.Debug-LowTrust|x86.ActiveCfg = Debug-LowTrust|Any CPU
		{2E8F33E4-77F0-4954-9486-239D7124EB86}.Debug-LowTrust|x86.Build.0 = Debug-LowTrust|Any CPU
		{2E8F33E4-77F0-4954-9486-239D7124EB86}.Release-LowTrust|Any CPU.ActiveCfg = Release-LowTrust|Any CPU
		{2E8F33E4-77F0-4954-9486-239D7124EB86}.Release-LowTrust|Any CPU.Build.0 = Release-LowTrust|Any CPU
		{2E8F33E4-77F0-4954-9486-239D7124EB86}.Release-LowTrust|x64.ActiveCfg = Release-LowTrust|Any CPU
		{2E8F33E4-77F0-4954-9486-239D7124EB86}.Release-LowTrust|x64.Build.0 = Release-LowTrust|Any CPU
		{2E8F33E4-77F0-4954-9486-239D7124EB86}.Release-LowTrust|x86.ActiveCfg = Release-LowTrust|Any CPU
		{2E8F33E4-77F0-4954-9486-239D7124EB86}.Release-LowTrust|x86.Build.0 = Release-LowTrust|Any CPU
		{CEDA985E-30D3-400E-9869-4A22D5F9ADA5}.Debug-LowTrust|Any CPU.ActiveCfg = Debug-LowTrust|Any CPU
		{CEDA985E-30D3-400E-9869-4A22D5F9ADA5}.Debug-LowTrust|Any CPU.Build.0 = Debug-LowTrust|Any CPU
		{CEDA985E-30D3-400E-9869-4A22D5F9ADA5}.Debug-LowTrust|x64.ActiveCfg = Debug-LowTrust|Any CPU
		{CEDA985E-30D3-400E-9869-4A22D5F9ADA5}.Debug-LowTrust|x64.Build.0 = Debug-LowTrust|Any CPU
		{CEDA985E-30D3-400E-9869-4A22D5F9ADA5}.Debug-LowTrust|x86.ActiveCfg = Debug-LowTrust|Any CPU
		{CEDA985E-30D3-400E-9869-4A22D5F9ADA5}.Debug-LowTrust|x86.Build.0 = Debug-LowTrust|Any CPU
		{CEDA985E-30D3-400E-9869-4A22D5F9ADA5}.Release-LowTrust|Any CPU.ActiveCfg = Release-LowTrust|Any CPU
		{CEDA985E-30D3-400E-9869-4A22D5F9ADA5}.Release-LowTrust|Any CPU.Build.0 = Release-LowTrust|Any CPU
		{CEDA985E-30D3-400E-9869-4A22D5F9ADA5}.Release-LowTrust|x64.ActiveCfg = Release-LowTrust|Any CPU
		{CEDA985E-30D3-400E-9869-4A22D5F9ADA5}.Release-LowTrust|x64.Build.0 = Release-LowTrust|Any CPU
		{CEDA985E-30D3-400E-9869-4A22D5F9ADA5}.Release-LowTrust|x86.ActiveCfg = Release-LowTrust|Any CPU
		{CEDA985E-30D3-400E-9869-4A22D5F9ADA5}.Release-LowTrust|x86.Build.0 = Release-LowTrust|Any CPU
		{5AE7C1E6-A511-41A9-9A9F-E8A0944319A2}.Debug-LowTrust|Any CPU.ActiveCfg = Debug-LowTrust|Any CPU
		{5AE7C1E6-A511-41A9-9A9F-E8A0944319A2}.Debug-LowTrust|Any CPU.Build.0 = Debug-LowTrust|Any CPU
		{5AE7C1E6-A511-41A9-9A9F-E8A0944319A2}.Debug-LowTrust|x64.ActiveCfg = Debug-LowTrust|Any CPU
		{5AE7C1E6-A511-41A9-9A9F-E8A0944319A2}.Debug-LowTrust|x64.Build.0 = Debug-LowTrust|Any CPU
		{5AE7C1E6-A511-41A9-9A9F-E8A0944319A2}.Debug-LowTrust|x86.ActiveCfg = Debug-LowTrust|Any CPU
		{5AE7C1E6-A511-41A9-9A9F-E8A0944319A2}.Debug-LowTrust|x86.Build.0 = Debug-LowTrust|Any CPU
		{5AE7C1E6-A511-41A9-9A9F-E8A0944319A2}.Release-LowTrust|Any CPU.ActiveCfg = Release-LowTrust|Any CPU
		{5AE7C1E6-A511-41A9-9A9F-E8A0944319A2}.Release-LowTrust|Any CPU.Build.0 = Release-LowTrust|Any CPU
		{5AE7C1E6-A511-41A9-9A9F-E8A0944319A2}.Release-LowTrust|x64.ActiveCfg = Release-LowTrust|Any CPU
		{5AE7C1E6-A511-41A9-9A9F-E8A0944319A2}.Release-LowTrust|x64.Build.0 = Release-LowTrust|Any CPU
		{5AE7C1E6-A511-41A9-9A9F-E8A0944319A2}.Release-LowTrust|x86.ActiveCfg = Release-LowTrust|Any CPU
		{5AE7C1E6-A511-41A9-9A9F-E8A0944319A2}.Release-LowTrust|x86.Build.0 = Release-LowTrust|Any CPU
		{C0616007-EAC1-4648-9124-727B4539EEB4}.Debug-LowTrust|Any CPU.ActiveCfg = Debug-LowTrust|Any CPU
		{C0616007-EAC1-4648-9124-727B4539EEB4}.Debug-LowTrust|Any CPU.Build.0 = Debug-LowTrust|Any CPU
		{C0616007-EAC1-4648-9124-727B4539EEB4}.Debug-LowTrust|x64.ActiveCfg = Debug-LowTrust|Any CPU
		{C0616007-EAC1-4648-9124-727B4539EEB4}.Debug-LowTrust|x64.Build.0 = Debug-LowTrust|Any CPU
		{C0616007-EAC1-4648-9124-727B4539EEB4}.Debug-LowTrust|x86.ActiveCfg = Debug-LowTrust|Any CPU
		{C0616007-EAC1-4648-9124-727B4539EEB4}.Debug-LowTrust|x86.Build.0 = Debug-LowTrust|Any CPU
		{C0616007-EAC1-4648-9124-727B4539EEB4}.Release-LowTrust|Any CPU.ActiveCfg = Release-LowTrust|Any CPU
		{C0616007-EAC1-4648-9124-727B4539EEB4}.Release-LowTrust|Any CPU.Build.0 = Release-LowTrust|Any CPU
		{C0616007-EAC1-4648-9124-727B4539EEB4}.Release-LowTrust|x64.ActiveCfg = Release-LowTrust|Any CPU
		{C0616007-EAC1-4648-9124-727B4539EEB4}.Release-LowTrust|x64.Build.0 = Release-LowTrust|Any CPU
		{C0616007-EAC1-4648-9124-727B4539EEB4}.Release-LowTrust|x86.ActiveCfg = Release-LowTrust|Any CPU
		{C0616007-EAC1-4648-9124-727B4539EEB4}.Release-LowTrust|x86.Build.0 = Release-LowTrust|Any CPU
	EndGlobalSection
	GlobalSection(SolutionProperties) = preSolution
		HideSolutionNode = FALSE
	EndGlobalSection
	GlobalSection(NestedProjects) = preSolution
		{A9B15BCE-C37B-4BA6-BC72-6E8A438F205D} = {01D1CDB5-2645-4929-865F-79B755DBC5B8}
		{20AE5602-B9B6-434D-A41D-CB988AC49E79} = {01D1CDB5-2645-4929-865F-79B755DBC5B8}
		{B56A16AD-5BFE-4D99-932C-9073CAFF3D80} = {20AE5602-B9B6-434D-A41D-CB988AC49E79}
		{3889AFB4-60BC-46CB-9747-4BD2F413B351} = {01D1CDB5-2645-4929-865F-79B755DBC5B8}
		{2E8F33E4-77F0-4954-9486-239D7124EB86} = {01D1CDB5-2645-4929-865F-79B755DBC5B8}
		{CEDA985E-30D3-400E-9869-4A22D5F9ADA5} = {01D1CDB5-2645-4929-865F-79B755DBC5B8}
		{C0616007-EAC1-4648-9124-727B4539EEB4} = {20AE5602-B9B6-434D-A41D-CB988AC49E79}
	EndGlobalSection
	GlobalSection(ExtensibilityGlobals) = postSolution
		SolutionGuid = {EA9DAE45-7810-49BB-BDDA-C57E105B79BC}
	EndGlobalSection
EndGlobal
