Microsoft Visual Studio Solution File, Format Version 12.00
# Visual Studio Version 16
VisualStudioVersion = 16.0.28621.142
MinimumVisualStudioVersion = 10.0.40219.1
Project("{9A19103F-16F7-4668-BE54-9A1E7A4F7556}") = "FParsecCS", "FParsecCS\FParsecCS.csproj", "{8521556A-F853-4456-8D20-96C42F97E15A}"
EndProject
Project("{F2A71F9B-5D33-465A-A702-920D77279786}") = "FParsec", "FParsec\FParsec.fsproj", "{019F9A66-F105-43C7-841D-E4D312659B61}"
EndProject
Project("{2150E333-8FDC-42A3-9474-1A3956D46DE8}") = "Samples", "Samples", "{01D1CDB5-2645-4929-865F-79B755DBC5B8}"
EndProject
Project("{F2A71F9B-5D33-465A-A702-920D77279786}") = "Calculator", "Samples\Calculator\Calculator.fsproj", "{A9B15BCE-C37B-4BA6-BC72-6E8A438F205D}"
EndProject
Project("{2150E333-8FDC-42A3-9474-1A3956D46DE8}") = "FSharpParsingSample", "FSharpParsingSample", "{20AE5602-B9B6-434D-A41D-CB988AC49E79}"
EndProject
Project("{F2A71F9B-5D33-465A-A702-920D77279786}") = "InterpFParsec", "Samples\FSharpParsingSample\FParsecVersion\InterpFParsec.fsproj", "{B56A16AD-5BFE-4D99-932C-9073CAFF3D80}"
EndProject
Project("{F2A71F9B-5D33-465A-A702-920D77279786}") = "JsonParser", "Samples\JSON\JsonParser.fsproj", "{3889AFB4-60BC-46CB-9747-4BD2F413B351}"
EndProject
Project("{F2A71F9B-5D33-465A-A702-920D77279786}") = "PegParser", "Samples\PEG\PegParser.fsproj", "{2E8F33E4-77F0-4954-9486-239D7124EB86}"
EndProject
Project("{F2A71F9B-5D33-465A-A702-920D77279786}") = "Tutorial", "Samples\Tutorial\Tutorial.fsproj", "{CEDA985E-30D3-400E-9869-4A22D5F9ADA5}"
EndProject
Project("{F2A71F9B-5D33-465A-A702-920D77279786}") = "Test", "Test\Test.fsproj", "{5AE7C1E6-A511-41A9-9A9F-E8A0944319A2}"
EndProject
Project("{2150E333-8FDC-42A3-9474-1A3956D46DE8}") = "Build", "Build", "{1C2DDDBD-BF95-4F55-8651-6EAD5D984BD9}"
	ProjectSection(SolutionItems) = preProject
		.travis.yml = .travis.yml
		appveyor.yml = appveyor.yml
		Directory.Build.props = Directory.Build.props
		Build\FParsec.Common.targets = Build\FParsec.Common.targets
		global.json = global.json
		pack.ps1 = pack.ps1
		readme.md = readme.md
	EndProjectSection
EndProject
Project("{6EC3EE1D-3C4E-46DD-8F32-0CC8E7565705}") = "InterpLexYacc", "Samples\FSharpParsingSample\LexYaccVersion\InterpLexYacc.fsproj", "{C0616007-EAC1-4648-9124-727B4539EEB4}"
EndProject
Global
	GlobalSection(SolutionConfigurationPlatforms) = preSolution
		Debug|AnyCPU = Debug|AnyCPU
		Debug|x64 = Debug|x64
		Debug|x86 = Debug|x86
		Debug-LowTrust|AnyCPU = Debug-LowTrust|AnyCPU
		Debug-LowTrust|x64 = Debug-LowTrust|x64
		Debug-LowTrust|x86 = Debug-LowTrust|x86
		Release|AnyCPU = Release|AnyCPU
		Release|x64 = Release|x64
		Release|x86 = Release|x86
		Release-LowTrust|AnyCPU = Release-LowTrust|AnyCPU
		Release-LowTrust|x64 = Release-LowTrust|x64
		Release-LowTrust|x86 = Release-LowTrust|x86
	EndGlobalSection
	GlobalSection(ProjectConfigurationPlatforms) = postSolution
		{8521556A-F853-4456-8D20-96C42F97E15A}.Debug|AnyCPU.ActiveCfg = Debug|AnyCPU
		{8521556A-F853-4456-8D20-96C42F97E15A}.Debug|AnyCPU.Build.0 = Debug|AnyCPU
		{8521556A-F853-4456-8D20-96C42F97E15A}.Debug|x64.ActiveCfg = Debug|AnyCPU
		{8521556A-F853-4456-8D20-96C42F97E15A}.Debug|x64.Build.0 = Debug|AnyCPU
		{8521556A-F853-4456-8D20-96C42F97E15A}.Debug|x86.ActiveCfg = Debug|AnyCPU
		{8521556A-F853-4456-8D20-96C42F97E15A}.Debug|x86.Build.0 = Debug|AnyCPU
		{8521556A-F853-4456-8D20-96C42F97E15A}.Debug-LowTrust|AnyCPU.ActiveCfg = Debug-LowTrust|AnyCPU
		{8521556A-F853-4456-8D20-96C42F97E15A}.Debug-LowTrust|AnyCPU.Build.0 = Debug-LowTrust|AnyCPU
		{8521556A-F853-4456-8D20-96C42F97E15A}.Debug-LowTrust|x64.ActiveCfg = Debug-LowTrust|AnyCPU
		{8521556A-F853-4456-8D20-96C42F97E15A}.Debug-LowTrust|x64.Build.0 = Debug-LowTrust|AnyCPU
		{8521556A-F853-4456-8D20-96C42F97E15A}.Debug-LowTrust|x86.ActiveCfg = Debug-LowTrust|AnyCPU
		{8521556A-F853-4456-8D20-96C42F97E15A}.Debug-LowTrust|x86.Build.0 = Debug-LowTrust|AnyCPU
		{8521556A-F853-4456-8D20-96C42F97E15A}.Release|AnyCPU.ActiveCfg = Release|AnyCPU
		{8521556A-F853-4456-8D20-96C42F97E15A}.Release|AnyCPU.Build.0 = Release|AnyCPU
		{8521556A-F853-4456-8D20-96C42F97E15A}.Release|x64.ActiveCfg = Release|AnyCPU
		{8521556A-F853-4456-8D20-96C42F97E15A}.Release|x64.Build.0 = Release|AnyCPU
		{8521556A-F853-4456-8D20-96C42F97E15A}.Release|x86.ActiveCfg = Release|AnyCPU
		{8521556A-F853-4456-8D20-96C42F97E15A}.Release|x86.Build.0 = Release|AnyCPU
		{8521556A-F853-4456-8D20-96C42F97E15A}.Release-LowTrust|AnyCPU.ActiveCfg = Release-LowTrust|AnyCPU
		{8521556A-F853-4456-8D20-96C42F97E15A}.Release-LowTrust|AnyCPU.Build.0 = Release-LowTrust|AnyCPU
		{8521556A-F853-4456-8D20-96C42F97E15A}.Release-LowTrust|x64.ActiveCfg = Release-LowTrust|AnyCPU
		{8521556A-F853-4456-8D20-96C42F97E15A}.Release-LowTrust|x64.Build.0 = Release-LowTrust|AnyCPU
		{8521556A-F853-4456-8D20-96C42F97E15A}.Release-LowTrust|x86.ActiveCfg = Release-LowTrust|AnyCPU
		{8521556A-F853-4456-8D20-96C42F97E15A}.Release-LowTrust|x86.Build.0 = Release-LowTrust|AnyCPU
		{019F9A66-F105-43C7-841D-E4D312659B61}.Debug|AnyCPU.ActiveCfg = Debug|AnyCPU
		{019F9A66-F105-43C7-841D-E4D312659B61}.Debug|AnyCPU.Build.0 = Debug|AnyCPU
		{019F9A66-F105-43C7-841D-E4D312659B61}.Debug|x64.ActiveCfg = Debug|AnyCPU
		{019F9A66-F105-43C7-841D-E4D312659B61}.Debug|x64.Build.0 = Debug|AnyCPU
		{019F9A66-F105-43C7-841D-E4D312659B61}.Debug|x86.ActiveCfg = Debug|AnyCPU
		{019F9A66-F105-43C7-841D-E4D312659B61}.Debug|x86.Build.0 = Debug|AnyCPU
		{019F9A66-F105-43C7-841D-E4D312659B61}.Debug-LowTrust|AnyCPU.ActiveCfg = Debug-LowTrust|AnyCPU
		{019F9A66-F105-43C7-841D-E4D312659B61}.Debug-LowTrust|AnyCPU.Build.0 = Debug-LowTrust|AnyCPU
		{019F9A66-F105-43C7-841D-E4D312659B61}.Debug-LowTrust|x64.ActiveCfg = Debug-LowTrust|AnyCPU
		{019F9A66-F105-43C7-841D-E4D312659B61}.Debug-LowTrust|x64.Build.0 = Debug-LowTrust|AnyCPU
		{019F9A66-F105-43C7-841D-E4D312659B61}.Debug-LowTrust|x86.ActiveCfg = Debug-LowTrust|AnyCPU
		{019F9A66-F105-43C7-841D-E4D312659B61}.Debug-LowTrust|x86.Build.0 = Debug-LowTrust|AnyCPU
		{019F9A66-F105-43C7-841D-E4D312659B61}.Release|AnyCPU.ActiveCfg = Release|AnyCPU
		{019F9A66-F105-43C7-841D-E4D312659B61}.Release|AnyCPU.Build.0 = Release|AnyCPU
		{019F9A66-F105-43C7-841D-E4D312659B61}.Release|x64.ActiveCfg = Release|AnyCPU
		{019F9A66-F105-43C7-841D-E4D312659B61}.Release|x64.Build.0 = Release|AnyCPU
		{019F9A66-F105-43C7-841D-E4D312659B61}.Release|x86.ActiveCfg = Release|AnyCPU
		{019F9A66-F105-43C7-841D-E4D312659B61}.Release|x86.Build.0 = Release|AnyCPU
		{019F9A66-F105-43C7-841D-E4D312659B61}.Release-LowTrust|AnyCPU.ActiveCfg = Release-LowTrust|AnyCPU
		{019F9A66-F105-43C7-841D-E4D312659B61}.Release-LowTrust|AnyCPU.Build.0 = Release-LowTrust|AnyCPU
		{019F9A66-F105-43C7-841D-E4D312659B61}.Release-LowTrust|x64.ActiveCfg = Release-LowTrust|AnyCPU
		{019F9A66-F105-43C7-841D-E4D312659B61}.Release-LowTrust|x64.Build.0 = Release-LowTrust|AnyCPU
		{019F9A66-F105-43C7-841D-E4D312659B61}.Release-LowTrust|x86.ActiveCfg = Release-LowTrust|AnyCPU
		{019F9A66-F105-43C7-841D-E4D312659B61}.Release-LowTrust|x86.Build.0 = Release-LowTrust|AnyCPU
		{A9B15BCE-C37B-4BA6-BC72-6E8A438F205D}.Debug|AnyCPU.ActiveCfg = Debug|AnyCPU
		{A9B15BCE-C37B-4BA6-BC72-6E8A438F205D}.Debug|AnyCPU.Build.0 = Debug|AnyCPU
		{A9B15BCE-C37B-4BA6-BC72-6E8A438F205D}.Debug|x64.ActiveCfg = Debug|AnyCPU
		{A9B15BCE-C37B-4BA6-BC72-6E8A438F205D}.Debug|x64.Build.0 = Debug|AnyCPU
		{A9B15BCE-C37B-4BA6-BC72-6E8A438F205D}.Debug|x86.ActiveCfg = Debug|AnyCPU
		{A9B15BCE-C37B-4BA6-BC72-6E8A438F205D}.Debug|x86.Build.0 = Debug|AnyCPU
		{A9B15BCE-C37B-4BA6-BC72-6E8A438F205D}.Debug-LowTrust|AnyCPU.ActiveCfg = Debug-LowTrust|AnyCPU
		{A9B15BCE-C37B-4BA6-BC72-6E8A438F205D}.Debug-LowTrust|AnyCPU.Build.0 = Debug-LowTrust|AnyCPU
		{A9B15BCE-C37B-4BA6-BC72-6E8A438F205D}.Debug-LowTrust|x64.ActiveCfg = Debug-LowTrust|AnyCPU
		{A9B15BCE-C37B-4BA6-BC72-6E8A438F205D}.Debug-LowTrust|x64.Build.0 = Debug-LowTrust|AnyCPU
		{A9B15BCE-C37B-4BA6-BC72-6E8A438F205D}.Debug-LowTrust|x86.ActiveCfg = Debug-LowTrust|AnyCPU
		{A9B15BCE-C37B-4BA6-BC72-6E8A438F205D}.Debug-LowTrust|x86.Build.0 = Debug-LowTrust|AnyCPU
		{A9B15BCE-C37B-4BA6-BC72-6E8A438F205D}.Release|AnyCPU.ActiveCfg = Release|AnyCPU
		{A9B15BCE-C37B-4BA6-BC72-6E8A438F205D}.Release|AnyCPU.Build.0 = Release|AnyCPU
		{A9B15BCE-C37B-4BA6-BC72-6E8A438F205D}.Release|x64.ActiveCfg = Release|AnyCPU
		{A9B15BCE-C37B-4BA6-BC72-6E8A438F205D}.Release|x64.Build.0 = Release|AnyCPU
		{A9B15BCE-C37B-4BA6-BC72-6E8A438F205D}.Release|x86.ActiveCfg = Release|AnyCPU
		{A9B15BCE-C37B-4BA6-BC72-6E8A438F205D}.Release|x86.Build.0 = Release|AnyCPU
		{A9B15BCE-C37B-4BA6-BC72-6E8A438F205D}.Release-LowTrust|AnyCPU.ActiveCfg = Release-LowTrust|AnyCPU
		{A9B15BCE-C37B-4BA6-BC72-6E8A438F205D}.Release-LowTrust|AnyCPU.Build.0 = Release-LowTrust|AnyCPU
		{A9B15BCE-C37B-4BA6-BC72-6E8A438F205D}.Release-LowTrust|x64.ActiveCfg = Release-LowTrust|AnyCPU
		{A9B15BCE-C37B-4BA6-BC72-6E8A438F205D}.Release-LowTrust|x64.Build.0 = Release-LowTrust|AnyCPU
		{A9B15BCE-C37B-4BA6-BC72-6E8A438F205D}.Release-LowTrust|x86.ActiveCfg = Release-LowTrust|AnyCPU
		{A9B15BCE-C37B-4BA6-BC72-6E8A438F205D}.Release-LowTrust|x86.Build.0 = Release-LowTrust|AnyCPU
		{B56A16AD-5BFE-4D99-932C-9073CAFF3D80}.Debug|AnyCPU.ActiveCfg = Debug|AnyCPU
		{B56A16AD-5BFE-4D99-932C-9073CAFF3D80}.Debug|AnyCPU.Build.0 = Debug|AnyCPU
		{B56A16AD-5BFE-4D99-932C-9073CAFF3D80}.Debug|x64.ActiveCfg = Debug|AnyCPU
		{B56A16AD-5BFE-4D99-932C-9073CAFF3D80}.Debug|x64.Build.0 = Debug|AnyCPU
		{B56A16AD-5BFE-4D99-932C-9073CAFF3D80}.Debug|x86.ActiveCfg = Debug|AnyCPU
		{B56A16AD-5BFE-4D99-932C-9073CAFF3D80}.Debug|x86.Build.0 = Debug|AnyCPU
		{B56A16AD-5BFE-4D99-932C-9073CAFF3D80}.Debug-LowTrust|AnyCPU.ActiveCfg = Debug-LowTrust|AnyCPU
		{B56A16AD-5BFE-4D99-932C-9073CAFF3D80}.Debug-LowTrust|AnyCPU.Build.0 = Debug-LowTrust|AnyCPU
		{B56A16AD-5BFE-4D99-932C-9073CAFF3D80}.Debug-LowTrust|x64.ActiveCfg = Debug-LowTrust|AnyCPU
		{B56A16AD-5BFE-4D99-932C-9073CAFF3D80}.Debug-LowTrust|x64.Build.0 = Debug-LowTrust|AnyCPU
		{B56A16AD-5BFE-4D99-932C-9073CAFF3D80}.Debug-LowTrust|x86.ActiveCfg = Debug-LowTrust|AnyCPU
		{B56A16AD-5BFE-4D99-932C-9073CAFF3D80}.Debug-LowTrust|x86.Build.0 = Debug-LowTrust|AnyCPU
		{B56A16AD-5BFE-4D99-932C-9073CAFF3D80}.Release|AnyCPU.ActiveCfg = Release|AnyCPU
		{B56A16AD-5BFE-4D99-932C-9073CAFF3D80}.Release|AnyCPU.Build.0 = Release|AnyCPU
		{B56A16AD-5BFE-4D99-932C-9073CAFF3D80}.Release|x64.ActiveCfg = Release|AnyCPU
		{B56A16AD-5BFE-4D99-932C-9073CAFF3D80}.Release|x64.Build.0 = Release|AnyCPU
		{B56A16AD-5BFE-4D99-932C-9073CAFF3D80}.Release|x86.ActiveCfg = Release|AnyCPU
		{B56A16AD-5BFE-4D99-932C-9073CAFF3D80}.Release|x86.Build.0 = Release|AnyCPU
		{B56A16AD-5BFE-4D99-932C-9073CAFF3D80}.Release-LowTrust|AnyCPU.ActiveCfg = Release-LowTrust|AnyCPU
		{B56A16AD-5BFE-4D99-932C-9073CAFF3D80}.Release-LowTrust|AnyCPU.Build.0 = Release-LowTrust|AnyCPU
		{B56A16AD-5BFE-4D99-932C-9073CAFF3D80}.Release-LowTrust|x64.ActiveCfg = Release-LowTrust|AnyCPU
		{B56A16AD-5BFE-4D99-932C-9073CAFF3D80}.Release-LowTrust|x64.Build.0 = Release-LowTrust|AnyCPU
		{B56A16AD-5BFE-4D99-932C-9073CAFF3D80}.Release-LowTrust|x86.ActiveCfg = Release-LowTrust|AnyCPU
		{B56A16AD-5BFE-4D99-932C-9073CAFF3D80}.Release-LowTrust|x86.Build.0 = Release-LowTrust|AnyCPU
		{3889AFB4-60BC-46CB-9747-4BD2F413B351}.Debug|AnyCPU.ActiveCfg = Debug|AnyCPU
		{3889AFB4-60BC-46CB-9747-4BD2F413B351}.Debug|AnyCPU.Build.0 = Debug|AnyCPU
		{3889AFB4-60BC-46CB-9747-4BD2F413B351}.Debug|x64.ActiveCfg = Debug|AnyCPU
		{3889AFB4-60BC-46CB-9747-4BD2F413B351}.Debug|x64.Build.0 = Debug|AnyCPU
		{3889AFB4-60BC-46CB-9747-4BD2F413B351}.Debug|x86.ActiveCfg = Debug|AnyCPU
		{3889AFB4-60BC-46CB-9747-4BD2F413B351}.Debug|x86.Build.0 = Debug|AnyCPU
		{3889AFB4-60BC-46CB-9747-4BD2F413B351}.Debug-LowTrust|AnyCPU.ActiveCfg = Debug-LowTrust|AnyCPU
		{3889AFB4-60BC-46CB-9747-4BD2F413B351}.Debug-LowTrust|AnyCPU.Build.0 = Debug-LowTrust|AnyCPU
		{3889AFB4-60BC-46CB-9747-4BD2F413B351}.Debug-LowTrust|x64.ActiveCfg = Debug-LowTrust|AnyCPU
		{3889AFB4-60BC-46CB-9747-4BD2F413B351}.Debug-LowTrust|x64.Build.0 = Debug-LowTrust|AnyCPU
		{3889AFB4-60BC-46CB-9747-4BD2F413B351}.Debug-LowTrust|x86.ActiveCfg = Debug-LowTrust|AnyCPU
		{3889AFB4-60BC-46CB-9747-4BD2F413B351}.Debug-LowTrust|x86.Build.0 = Debug-LowTrust|AnyCPU
		{3889AFB4-60BC-46CB-9747-4BD2F413B351}.Release|AnyCPU.ActiveCfg = Release|AnyCPU
		{3889AFB4-60BC-46CB-9747-4BD2F413B351}.Release|AnyCPU.Build.0 = Release|AnyCPU
		{3889AFB4-60BC-46CB-9747-4BD2F413B351}.Release|x64.ActiveCfg = Release|AnyCPU
		{3889AFB4-60BC-46CB-9747-4BD2F413B351}.Release|x64.Build.0 = Release|AnyCPU
		{3889AFB4-60BC-46CB-9747-4BD2F413B351}.Release|x86.ActiveCfg = Release|AnyCPU
		{3889AFB4-60BC-46CB-9747-4BD2F413B351}.Release|x86.Build.0 = Release|AnyCPU
		{3889AFB4-60BC-46CB-9747-4BD2F413B351}.Release-LowTrust|AnyCPU.ActiveCfg = Release-LowTrust|AnyCPU
		{3889AFB4-60BC-46CB-9747-4BD2F413B351}.Release-LowTrust|AnyCPU.Build.0 = Release-LowTrust|AnyCPU
		{3889AFB4-60BC-46CB-9747-4BD2F413B351}.Release-LowTrust|x64.ActiveCfg = Release-LowTrust|AnyCPU
		{3889AFB4-60BC-46CB-9747-4BD2F413B351}.Release-LowTrust|x64.Build.0 = Release-LowTrust|AnyCPU
		{3889AFB4-60BC-46CB-9747-4BD2F413B351}.Release-LowTrust|x86.ActiveCfg = Release-LowTrust|AnyCPU
		{3889AFB4-60BC-46CB-9747-4BD2F413B351}.Release-LowTrust|x86.Build.0 = Release-LowTrust|AnyCPU
		{2E8F33E4-77F0-4954-9486-239D7124EB86}.Debug|AnyCPU.ActiveCfg = Debug|AnyCPU
		{2E8F33E4-77F0-4954-9486-239D7124EB86}.Debug|AnyCPU.Build.0 = Debug|AnyCPU
		{2E8F33E4-77F0-4954-9486-239D7124EB86}.Debug|x64.ActiveCfg = Debug|AnyCPU
		{2E8F33E4-77F0-4954-9486-239D7124EB86}.Debug|x64.Build.0 = Debug|AnyCPU
		{2E8F33E4-77F0-4954-9486-239D7124EB86}.Debug|x86.ActiveCfg = Debug|AnyCPU
		{2E8F33E4-77F0-4954-9486-239D7124EB86}.Debug|x86.Build.0 = Debug|AnyCPU
		{2E8F33E4-77F0-4954-9486-239D7124EB86}.Debug-LowTrust|AnyCPU.ActiveCfg = Debug-LowTrust|AnyCPU
		{2E8F33E4-77F0-4954-9486-239D7124EB86}.Debug-LowTrust|AnyCPU.Build.0 = Debug-LowTrust|AnyCPU
		{2E8F33E4-77F0-4954-9486-239D7124EB86}.Debug-LowTrust|x64.ActiveCfg = Debug-LowTrust|AnyCPU
		{2E8F33E4-77F0-4954-9486-239D7124EB86}.Debug-LowTrust|x64.Build.0 = Debug-LowTrust|AnyCPU
		{2E8F33E4-77F0-4954-9486-239D7124EB86}.Debug-LowTrust|x86.ActiveCfg = Debug-LowTrust|AnyCPU
		{2E8F33E4-77F0-4954-9486-239D7124EB86}.Debug-LowTrust|x86.Build.0 = Debug-LowTrust|AnyCPU
		{2E8F33E4-77F0-4954-9486-239D7124EB86}.Release|AnyCPU.ActiveCfg = Release|AnyCPU
		{2E8F33E4-77F0-4954-9486-239D7124EB86}.Release|AnyCPU.Build.0 = Release|AnyCPU
		{2E8F33E4-77F0-4954-9486-239D7124EB86}.Release|x64.ActiveCfg = Release|AnyCPU
		{2E8F33E4-77F0-4954-9486-239D7124EB86}.Release|x64.Build.0 = Release|AnyCPU
		{2E8F33E4-77F0-4954-9486-239D7124EB86}.Release|x86.ActiveCfg = Release|AnyCPU
		{2E8F33E4-77F0-4954-9486-239D7124EB86}.Release|x86.Build.0 = Release|AnyCPU
		{2E8F33E4-77F0-4954-9486-239D7124EB86}.Release-LowTrust|AnyCPU.ActiveCfg = Release-LowTrust|AnyCPU
		{2E8F33E4-77F0-4954-9486-239D7124EB86}.Release-LowTrust|AnyCPU.Build.0 = Release-LowTrust|AnyCPU
		{2E8F33E4-77F0-4954-9486-239D7124EB86}.Release-LowTrust|x64.ActiveCfg = Release-LowTrust|AnyCPU
		{2E8F33E4-77F0-4954-9486-239D7124EB86}.Release-LowTrust|x64.Build.0 = Release-LowTrust|AnyCPU
		{2E8F33E4-77F0-4954-9486-239D7124EB86}.Release-LowTrust|x86.ActiveCfg = Release-LowTrust|AnyCPU
		{2E8F33E4-77F0-4954-9486-239D7124EB86}.Release-LowTrust|x86.Build.0 = Release-LowTrust|AnyCPU
		{CEDA985E-30D3-400E-9869-4A22D5F9ADA5}.Debug|AnyCPU.ActiveCfg = Debug|AnyCPU
		{CEDA985E-30D3-400E-9869-4A22D5F9ADA5}.Debug|AnyCPU.Build.0 = Debug|AnyCPU
		{CEDA985E-30D3-400E-9869-4A22D5F9ADA5}.Debug|x64.ActiveCfg = Debug|AnyCPU
		{CEDA985E-30D3-400E-9869-4A22D5F9ADA5}.Debug|x64.Build.0 = Debug|AnyCPU
		{CEDA985E-30D3-400E-9869-4A22D5F9ADA5}.Debug|x86.ActiveCfg = Debug|AnyCPU
		{CEDA985E-30D3-400E-9869-4A22D5F9ADA5}.Debug|x86.Build.0 = Debug|AnyCPU
		{CEDA985E-30D3-400E-9869-4A22D5F9ADA5}.Debug-LowTrust|AnyCPU.ActiveCfg = Debug-LowTrust|AnyCPU
		{CEDA985E-30D3-400E-9869-4A22D5F9ADA5}.Debug-LowTrust|AnyCPU.Build.0 = Debug-LowTrust|AnyCPU
		{CEDA985E-30D3-400E-9869-4A22D5F9ADA5}.Debug-LowTrust|x64.ActiveCfg = Debug-LowTrust|AnyCPU
		{CEDA985E-30D3-400E-9869-4A22D5F9ADA5}.Debug-LowTrust|x64.Build.0 = Debug-LowTrust|AnyCPU
		{CEDA985E-30D3-400E-9869-4A22D5F9ADA5}.Debug-LowTrust|x86.ActiveCfg = Debug-LowTrust|AnyCPU
		{CEDA985E-30D3-400E-9869-4A22D5F9ADA5}.Debug-LowTrust|x86.Build.0 = Debug-LowTrust|AnyCPU
		{CEDA985E-30D3-400E-9869-4A22D5F9ADA5}.Release|AnyCPU.ActiveCfg = Release|AnyCPU
		{CEDA985E-30D3-400E-9869-4A22D5F9ADA5}.Release|AnyCPU.Build.0 = Release|AnyCPU
		{CEDA985E-30D3-400E-9869-4A22D5F9ADA5}.Release|x64.ActiveCfg = Release|AnyCPU
		{CEDA985E-30D3-400E-9869-4A22D5F9ADA5}.Release|x64.Build.0 = Release|AnyCPU
		{CEDA985E-30D3-400E-9869-4A22D5F9ADA5}.Release|x86.ActiveCfg = Release|AnyCPU
		{CEDA985E-30D3-400E-9869-4A22D5F9ADA5}.Release|x86.Build.0 = Release|AnyCPU
		{CEDA985E-30D3-400E-9869-4A22D5F9ADA5}.Release-LowTrust|AnyCPU.ActiveCfg = Release-LowTrust|AnyCPU
		{CEDA985E-30D3-400E-9869-4A22D5F9ADA5}.Release-LowTrust|AnyCPU.Build.0 = Release-LowTrust|AnyCPU
		{CEDA985E-30D3-400E-9869-4A22D5F9ADA5}.Release-LowTrust|x64.ActiveCfg = Release-LowTrust|AnyCPU
		{CEDA985E-30D3-400E-9869-4A22D5F9ADA5}.Release-LowTrust|x64.Build.0 = Release-LowTrust|AnyCPU
		{CEDA985E-30D3-400E-9869-4A22D5F9ADA5}.Release-LowTrust|x86.ActiveCfg = Release-LowTrust|AnyCPU
		{CEDA985E-30D3-400E-9869-4A22D5F9ADA5}.Release-LowTrust|x86.Build.0 = Release-LowTrust|AnyCPU
		{5AE7C1E6-A511-41A9-9A9F-E8A0944319A2}.Debug|AnyCPU.ActiveCfg = Debug|AnyCPU
		{5AE7C1E6-A511-41A9-9A9F-E8A0944319A2}.Debug|AnyCPU.Build.0 = Debug|AnyCPU
		{5AE7C1E6-A511-41A9-9A9F-E8A0944319A2}.Debug|x64.ActiveCfg = Debug|AnyCPU
		{5AE7C1E6-A511-41A9-9A9F-E8A0944319A2}.Debug|x64.Build.0 = Debug|AnyCPU
		{5AE7C1E6-A511-41A9-9A9F-E8A0944319A2}.Debug|x86.ActiveCfg = Debug|AnyCPU
		{5AE7C1E6-A511-41A9-9A9F-E8A0944319A2}.Debug|x86.Build.0 = Debug|AnyCPU
		{5AE7C1E6-A511-41A9-9A9F-E8A0944319A2}.Debug-LowTrust|AnyCPU.ActiveCfg = Debug-LowTrust|AnyCPU
		{5AE7C1E6-A511-41A9-9A9F-E8A0944319A2}.Debug-LowTrust|AnyCPU.Build.0 = Debug-LowTrust|AnyCPU
		{5AE7C1E6-A511-41A9-9A9F-E8A0944319A2}.Debug-LowTrust|x64.ActiveCfg = Debug-LowTrust|AnyCPU
		{5AE7C1E6-A511-41A9-9A9F-E8A0944319A2}.Debug-LowTrust|x64.Build.0 = Debug-LowTrust|AnyCPU
		{5AE7C1E6-A511-41A9-9A9F-E8A0944319A2}.Debug-LowTrust|x86.ActiveCfg = Debug-LowTrust|AnyCPU
		{5AE7C1E6-A511-41A9-9A9F-E8A0944319A2}.Debug-LowTrust|x86.Build.0 = Debug-LowTrust|AnyCPU
		{5AE7C1E6-A511-41A9-9A9F-E8A0944319A2}.Release|AnyCPU.ActiveCfg = Release|AnyCPU
		{5AE7C1E6-A511-41A9-9A9F-E8A0944319A2}.Release|AnyCPU.Build.0 = Release|AnyCPU
		{5AE7C1E6-A511-41A9-9A9F-E8A0944319A2}.Release|x64.ActiveCfg = Release|AnyCPU
		{5AE7C1E6-A511-41A9-9A9F-E8A0944319A2}.Release|x64.Build.0 = Release|AnyCPU
		{5AE7C1E6-A511-41A9-9A9F-E8A0944319A2}.Release|x86.ActiveCfg = Release|AnyCPU
		{5AE7C1E6-A511-41A9-9A9F-E8A0944319A2}.Release|x86.Build.0 = Release|AnyCPU
		{5AE7C1E6-A511-41A9-9A9F-E8A0944319A2}.Release-LowTrust|AnyCPU.ActiveCfg = Release-LowTrust|AnyCPU
		{5AE7C1E6-A511-41A9-9A9F-E8A0944319A2}.Release-LowTrust|AnyCPU.Build.0 = Release-LowTrust|AnyCPU
		{5AE7C1E6-A511-41A9-9A9F-E8A0944319A2}.Release-LowTrust|x64.ActiveCfg = Release-LowTrust|AnyCPU
		{5AE7C1E6-A511-41A9-9A9F-E8A0944319A2}.Release-LowTrust|x64.Build.0 = Release-LowTrust|AnyCPU
		{5AE7C1E6-A511-41A9-9A9F-E8A0944319A2}.Release-LowTrust|x86.ActiveCfg = Release-LowTrust|AnyCPU
		{5AE7C1E6-A511-41A9-9A9F-E8A0944319A2}.Release-LowTrust|x86.Build.0 = Release-LowTrust|AnyCPU
		{C0616007-EAC1-4648-9124-727B4539EEB4}.Debug|AnyCPU.ActiveCfg = Debug|AnyCPU
		{C0616007-EAC1-4648-9124-727B4539EEB4}.Debug|AnyCPU.Build.0 = Debug|AnyCPU
		{C0616007-EAC1-4648-9124-727B4539EEB4}.Debug|x64.ActiveCfg = Debug|AnyCPU
		{C0616007-EAC1-4648-9124-727B4539EEB4}.Debug|x64.Build.0 = Debug|AnyCPU
		{C0616007-EAC1-4648-9124-727B4539EEB4}.Debug|x86.ActiveCfg = Debug|AnyCPU
		{C0616007-EAC1-4648-9124-727B4539EEB4}.Debug|x86.Build.0 = Debug|AnyCPU
		{C0616007-EAC1-4648-9124-727B4539EEB4}.Debug-LowTrust|AnyCPU.ActiveCfg = Debug-LowTrust|AnyCPU
		{C0616007-EAC1-4648-9124-727B4539EEB4}.Debug-LowTrust|AnyCPU.Build.0 = Debug-LowTrust|AnyCPU
		{C0616007-EAC1-4648-9124-727B4539EEB4}.Debug-LowTrust|x64.ActiveCfg = Debug-LowTrust|AnyCPU
		{C0616007-EAC1-4648-9124-727B4539EEB4}.Debug-LowTrust|x64.Build.0 = Debug-LowTrust|AnyCPU
		{C0616007-EAC1-4648-9124-727B4539EEB4}.Debug-LowTrust|x86.ActiveCfg = Debug-LowTrust|AnyCPU
		{C0616007-EAC1-4648-9124-727B4539EEB4}.Debug-LowTrust|x86.Build.0 = Debug-LowTrust|AnyCPU
		{C0616007-EAC1-4648-9124-727B4539EEB4}.Release|AnyCPU.ActiveCfg = Release|AnyCPU
		{C0616007-EAC1-4648-9124-727B4539EEB4}.Release|AnyCPU.Build.0 = Release|AnyCPU
		{C0616007-EAC1-4648-9124-727B4539EEB4}.Release|x64.ActiveCfg = Release|AnyCPU
		{C0616007-EAC1-4648-9124-727B4539EEB4}.Release|x64.Build.0 = Release|AnyCPU
		{C0616007-EAC1-4648-9124-727B4539EEB4}.Release|x86.ActiveCfg = Release|AnyCPU
		{C0616007-EAC1-4648-9124-727B4539EEB4}.Release|x86.Build.0 = Release|AnyCPU
		{C0616007-EAC1-4648-9124-727B4539EEB4}.Release-LowTrust|AnyCPU.ActiveCfg = Release-LowTrust|AnyCPU
		{C0616007-EAC1-4648-9124-727B4539EEB4}.Release-LowTrust|AnyCPU.Build.0 = Release-LowTrust|AnyCPU
		{C0616007-EAC1-4648-9124-727B4539EEB4}.Release-LowTrust|x64.ActiveCfg = Release-LowTrust|AnyCPU
		{C0616007-EAC1-4648-9124-727B4539EEB4}.Release-LowTrust|x64.Build.0 = Release-LowTrust|AnyCPU
		{C0616007-EAC1-4648-9124-727B4539EEB4}.Release-LowTrust|x86.ActiveCfg = Release-LowTrust|AnyCPU
		{C0616007-EAC1-4648-9124-727B4539EEB4}.Release-LowTrust|x86.Build.0 = Release-LowTrust|AnyCPU
	EndGlobalSection
	GlobalSection(SolutionProperties) = preSolution
		HideSolutionNode = FALSE
	EndGlobalSection
	GlobalSection(NestedProjects) = preSolution
		{A9B15BCE-C37B-4BA6-BC72-6E8A438F205D} = {01D1CDB5-2645-4929-865F-79B755DBC5B8}
		{20AE5602-B9B6-434D-A41D-CB988AC49E79} = {01D1CDB5-2645-4929-865F-79B755DBC5B8}
		{B56A16AD-5BFE-4D99-932C-9073CAFF3D80} = {20AE5602-B9B6-434D-A41D-CB988AC49E79}
		{3889AFB4-60BC-46CB-9747-4BD2F413B351} = {01D1CDB5-2645-4929-865F-79B755DBC5B8}
		{2E8F33E4-77F0-4954-9486-239D7124EB86} = {01D1CDB5-2645-4929-865F-79B755DBC5B8}
		{CEDA985E-30D3-400E-9869-4A22D5F9ADA5} = {01D1CDB5-2645-4929-865F-79B755DBC5B8}
		{C0616007-EAC1-4648-9124-727B4539EEB4} = {20AE5602-B9B6-434D-A41D-CB988AC49E79}
	EndGlobalSection
	GlobalSection(ExtensibilityGlobals) = postSolution
		SolutionGuid = {EA9DAE45-7810-49BB-BDDA-C57E105B79BC}
	EndGlobalSection
EndGlobal
