
Microsoft Visual Studio Solution File, Format Version 12.00
# Visual Studio 15
VisualStudioVersion = 15.0.26124.0
MinimumVisualStudioVersion = 15.0.26124.0
Project("{FAE04EC0-301F-11D3-BF4B-00C04F79EFBC}") = "FParsecCS", "FParsecCS\FParsecCS.csproj", "{8521556A-F853-4456-8D20-96C42F97E15A}"
EndProject
Project("{FAE04EC0-301F-11D3-BF4B-00C04F79EFBC}") = "FParsec", "FParsec\FParsec.fsproj", "{019F9A66-F105-43C7-841D-E4D312659B61}"
EndProject
Project("{2150E333-8FDC-42A3-9474-1A3956D46DE8}") = "Samples", "Samples", "{01D1CDB5-2645-4929-865F-79B755DBC5B8}"
EndProject
Project("{FAE04EC0-301F-11D3-BF4B-00C04F79EFBC}") = "Calculator", "Samples\Calculator\Calculator.fsproj", "{A9B15BCE-C37B-4BA6-BC72-6E8A438F205D}"
EndProject
Project("{2150E333-8FDC-42A3-9474-1A3956D46DE8}") = "FSharpParsingSample", "FSharpParsingSample", "{20AE5602-B9B6-434D-A41D-CB988AC49E79}"
EndProject
Project("{FAE04EC0-301F-11D3-BF4B-00C04F79EFBC}") = "InterpFParsec", "Samples\FSharpParsingSample\FParsecVersion\InterpFParsec.fsproj", "{B56A16AD-5BFE-4D99-932C-9073CAFF3D80}"
EndProject
Project("{FAE04EC0-301F-11D3-BF4B-00C04F79EFBC}") = "JsonParser", "Samples\JSON\JsonParser.fsproj", "{3889AFB4-60BC-46CB-9747-4BD2F413B351}"
EndProject
Project("{FAE04EC0-301F-11D3-BF4B-00C04F79EFBC}") = "PegParser", "Samples\PEG\PegParser.fsproj", "{2E8F33E4-77F0-4954-9486-239D7124EB86}"
EndProject
Project("{FAE04EC0-301F-11D3-BF4B-00C04F79EFBC}") = "Tutorial", "Samples\Tutorial\Tutorial.fsproj", "{CEDA985E-30D3-400E-9869-4A22D5F9ADA5}"
EndProject
Project("{FAE04EC0-301F-11D3-BF4B-00C04F79EFBC}") = "Test", "Test\Test.fsproj", "{5AE7C1E6-A511-41A9-9A9F-E8A0944319A2}"
EndProject
Project("{FAE04EC0-301F-11D3-BF4B-00C04F79EFBC}") = "FParsecCS.BigData", "FParsecCS.BigData\FParsecCS.BigData.csproj", "{7F09ABC3-B6D8-473F-840F-FE5640244EB7}"
EndProject
Project("{FAE04EC0-301F-11D3-BF4B-00C04F79EFBC}") = "FParsec.BigData", "FParsec.BigData\FParsec.BigData.fsproj", "{C69639FF-802A-43BB-8FAB-DCE582D74599}"
EndProject
Global
	GlobalSection(SolutionConfigurationPlatforms) = preSolution
		Debug|Any CPU = Debug|Any CPU
		Debug|x64 = Debug|x64
		Debug|x86 = Debug|x86
		Release|Any CPU = Release|Any CPU
		Release|x64 = Release|x64
		Release|x86 = Release|x86
	EndGlobalSection
	GlobalSection(SolutionProperties) = preSolution
		HideSolutionNode = FALSE
	EndGlobalSection
	GlobalSection(ProjectConfigurationPlatforms) = postSolution
		{8521556A-F853-4456-8D20-96C42F97E15A}.Debug|Any CPU.ActiveCfg = Debug|Any CPU
		{8521556A-F853-4456-8D20-96C42F97E15A}.Debug|Any CPU.Build.0 = Debug|Any CPU
		{8521556A-F853-4456-8D20-96C42F97E15A}.Debug|x64.ActiveCfg = Debug|x64
		{8521556A-F853-4456-8D20-96C42F97E15A}.Debug|x64.Build.0 = Debug|x64
		{8521556A-F853-4456-8D20-96C42F97E15A}.Debug|x86.ActiveCfg = Debug|x86
		{8521556A-F853-4456-8D20-96C42F97E15A}.Debug|x86.Build.0 = Debug|x86
		{8521556A-F853-4456-8D20-96C42F97E15A}.Release|Any CPU.ActiveCfg = Release|Any CPU
		{8521556A-F853-4456-8D20-96C42F97E15A}.Release|Any CPU.Build.0 = Release|Any CPU
		{8521556A-F853-4456-8D20-96C42F97E15A}.Release|x64.ActiveCfg = Release|x64
		{8521556A-F853-4456-8D20-96C42F97E15A}.Release|x64.Build.0 = Release|x64
		{8521556A-F853-4456-8D20-96C42F97E15A}.Release|x86.ActiveCfg = Release|x86
		{8521556A-F853-4456-8D20-96C42F97E15A}.Release|x86.Build.0 = Release|x86
		{019F9A66-F105-43C7-841D-E4D312659B61}.Debug|Any CPU.ActiveCfg = Debug|Any CPU
		{019F9A66-F105-43C7-841D-E4D312659B61}.Debug|Any CPU.Build.0 = Debug|Any CPU
		{019F9A66-F105-43C7-841D-E4D312659B61}.Debug|x64.ActiveCfg = Debug|x64
		{019F9A66-F105-43C7-841D-E4D312659B61}.Debug|x64.Build.0 = Debug|x64
		{019F9A66-F105-43C7-841D-E4D312659B61}.Debug|x86.ActiveCfg = Debug|x86
		{019F9A66-F105-43C7-841D-E4D312659B61}.Debug|x86.Build.0 = Debug|x86
		{019F9A66-F105-43C7-841D-E4D312659B61}.Release|Any CPU.ActiveCfg = Release|Any CPU
		{019F9A66-F105-43C7-841D-E4D312659B61}.Release|Any CPU.Build.0 = Release|Any CPU
		{019F9A66-F105-43C7-841D-E4D312659B61}.Release|x64.ActiveCfg = Release|x64
		{019F9A66-F105-43C7-841D-E4D312659B61}.Release|x64.Build.0 = Release|x64
		{019F9A66-F105-43C7-841D-E4D312659B61}.Release|x86.ActiveCfg = Release|x86
		{019F9A66-F105-43C7-841D-E4D312659B61}.Release|x86.Build.0 = Release|x86
		{A9B15BCE-C37B-4BA6-BC72-6E8A438F205D}.Debug|Any CPU.ActiveCfg = Debug|Any CPU
		{A9B15BCE-C37B-4BA6-BC72-6E8A438F205D}.Debug|Any CPU.Build.0 = Debug|Any CPU
		{A9B15BCE-C37B-4BA6-BC72-6E8A438F205D}.Debug|x64.ActiveCfg = Debug|x64
		{A9B15BCE-C37B-4BA6-BC72-6E8A438F205D}.Debug|x64.Build.0 = Debug|x64
		{A9B15BCE-C37B-4BA6-BC72-6E8A438F205D}.Debug|x86.ActiveCfg = Debug|x86
		{A9B15BCE-C37B-4BA6-BC72-6E8A438F205D}.Debug|x86.Build.0 = Debug|x86
		{A9B15BCE-C37B-4BA6-BC72-6E8A438F205D}.Release|Any CPU.ActiveCfg = Release|Any CPU
		{A9B15BCE-C37B-4BA6-BC72-6E8A438F205D}.Release|Any CPU.Build.0 = Release|Any CPU
		{A9B15BCE-C37B-4BA6-BC72-6E8A438F205D}.Release|x64.ActiveCfg = Release|x64
		{A9B15BCE-C37B-4BA6-BC72-6E8A438F205D}.Release|x64.Build.0 = Release|x64
		{A9B15BCE-C37B-4BA6-BC72-6E8A438F205D}.Release|x86.ActiveCfg = Release|x86
		{A9B15BCE-C37B-4BA6-BC72-6E8A438F205D}.Release|x86.Build.0 = Release|x86
		{B56A16AD-5BFE-4D99-932C-9073CAFF3D80}.Debug|Any CPU.ActiveCfg = Debug|Any CPU
		{B56A16AD-5BFE-4D99-932C-9073CAFF3D80}.Debug|Any CPU.Build.0 = Debug|Any CPU
		{B56A16AD-5BFE-4D99-932C-9073CAFF3D80}.Debug|x64.ActiveCfg = Debug|x64
		{B56A16AD-5BFE-4D99-932C-9073CAFF3D80}.Debug|x64.Build.0 = Debug|x64
		{B56A16AD-5BFE-4D99-932C-9073CAFF3D80}.Debug|x86.ActiveCfg = Debug|x86
		{B56A16AD-5BFE-4D99-932C-9073CAFF3D80}.Debug|x86.Build.0 = Debug|x86
		{B56A16AD-5BFE-4D99-932C-9073CAFF3D80}.Release|Any CPU.ActiveCfg = Release|Any CPU
		{B56A16AD-5BFE-4D99-932C-9073CAFF3D80}.Release|Any CPU.Build.0 = Release|Any CPU
		{B56A16AD-5BFE-4D99-932C-9073CAFF3D80}.Release|x64.ActiveCfg = Release|x64
		{B56A16AD-5BFE-4D99-932C-9073CAFF3D80}.Release|x64.Build.0 = Release|x64
		{B56A16AD-5BFE-4D99-932C-9073CAFF3D80}.Release|x86.ActiveCfg = Release|x86
		{B56A16AD-5BFE-4D99-932C-9073CAFF3D80}.Release|x86.Build.0 = Release|x86
		{3889AFB4-60BC-46CB-9747-4BD2F413B351}.Debug|Any CPU.ActiveCfg = Debug|Any CPU
		{3889AFB4-60BC-46CB-9747-4BD2F413B351}.Debug|Any CPU.Build.0 = Debug|Any CPU
		{3889AFB4-60BC-46CB-9747-4BD2F413B351}.Debug|x64.ActiveCfg = Debug|x64
		{3889AFB4-60BC-46CB-9747-4BD2F413B351}.Debug|x64.Build.0 = Debug|x64
		{3889AFB4-60BC-46CB-9747-4BD2F413B351}.Debug|x86.ActiveCfg = Debug|x86
		{3889AFB4-60BC-46CB-9747-4BD2F413B351}.Debug|x86.Build.0 = Debug|x86
		{3889AFB4-60BC-46CB-9747-4BD2F413B351}.Release|Any CPU.ActiveCfg = Release|Any CPU
		{3889AFB4-60BC-46CB-9747-4BD2F413B351}.Release|Any CPU.Build.0 = Release|Any CPU
		{3889AFB4-60BC-46CB-9747-4BD2F413B351}.Release|x64.ActiveCfg = Release|x64
		{3889AFB4-60BC-46CB-9747-4BD2F413B351}.Release|x64.Build.0 = Release|x64
		{3889AFB4-60BC-46CB-9747-4BD2F413B351}.Release|x86.ActiveCfg = Release|x86
		{3889AFB4-60BC-46CB-9747-4BD2F413B351}.Release|x86.Build.0 = Release|x86
		{2E8F33E4-77F0-4954-9486-239D7124EB86}.Debug|Any CPU.ActiveCfg = Debug|Any CPU
		{2E8F33E4-77F0-4954-9486-239D7124EB86}.Debug|Any CPU.Build.0 = Debug|Any CPU
		{2E8F33E4-77F0-4954-9486-239D7124EB86}.Debug|x64.ActiveCfg = Debug|x64
		{2E8F33E4-77F0-4954-9486-239D7124EB86}.Debug|x64.Build.0 = Debug|x64
		{2E8F33E4-77F0-4954-9486-239D7124EB86}.Debug|x86.ActiveCfg = Debug|x86
		{2E8F33E4-77F0-4954-9486-239D7124EB86}.Debug|x86.Build.0 = Debug|x86
		{2E8F33E4-77F0-4954-9486-239D7124EB86}.Release|Any CPU.ActiveCfg = Release|Any CPU
		{2E8F33E4-77F0-4954-9486-239D7124EB86}.Release|Any CPU.Build.0 = Release|Any CPU
		{2E8F33E4-77F0-4954-9486-239D7124EB86}.Release|x64.ActiveCfg = Release|x64
		{2E8F33E4-77F0-4954-9486-239D7124EB86}.Release|x64.Build.0 = Release|x64
		{2E8F33E4-77F0-4954-9486-239D7124EB86}.Release|x86.ActiveCfg = Release|x86
		{2E8F33E4-77F0-4954-9486-239D7124EB86}.Release|x86.Build.0 = Release|x86
		{CEDA985E-30D3-400E-9869-4A22D5F9ADA5}.Debug|Any CPU.ActiveCfg = Debug|Any CPU
		{CEDA985E-30D3-400E-9869-4A22D5F9ADA5}.Debug|Any CPU.Build.0 = Debug|Any CPU
		{CEDA985E-30D3-400E-9869-4A22D5F9ADA5}.Debug|x64.ActiveCfg = Debug|x64
		{CEDA985E-30D3-400E-9869-4A22D5F9ADA5}.Debug|x64.Build.0 = Debug|x64
		{CEDA985E-30D3-400E-9869-4A22D5F9ADA5}.Debug|x86.ActiveCfg = Debug|x86
		{CEDA985E-30D3-400E-9869-4A22D5F9ADA5}.Debug|x86.Build.0 = Debug|x86
		{CEDA985E-30D3-400E-9869-4A22D5F9ADA5}.Release|Any CPU.ActiveCfg = Release|Any CPU
		{CEDA985E-30D3-400E-9869-4A22D5F9ADA5}.Release|Any CPU.Build.0 = Release|Any CPU
		{CEDA985E-30D3-400E-9869-4A22D5F9ADA5}.Release|x64.ActiveCfg = Release|x64
		{CEDA985E-30D3-400E-9869-4A22D5F9ADA5}.Release|x64.Build.0 = Release|x64
		{CEDA985E-30D3-400E-9869-4A22D5F9ADA5}.Release|x86.ActiveCfg = Release|x86
		{CEDA985E-30D3-400E-9869-4A22D5F9ADA5}.Release|x86.Build.0 = Release|x86
		{5AE7C1E6-A511-41A9-9A9F-E8A0944319A2}.Debug|Any CPU.ActiveCfg = Debug|Any CPU
		{5AE7C1E6-A511-41A9-9A9F-E8A0944319A2}.Debug|Any CPU.Build.0 = Debug|Any CPU
		{5AE7C1E6-A511-41A9-9A9F-E8A0944319A2}.Debug|x64.ActiveCfg = Debug|x64
		{5AE7C1E6-A511-41A9-9A9F-E8A0944319A2}.Debug|x64.Build.0 = Debug|x64
		{5AE7C1E6-A511-41A9-9A9F-E8A0944319A2}.Debug|x86.ActiveCfg = Debug|x86
		{5AE7C1E6-A511-41A9-9A9F-E8A0944319A2}.Debug|x86.Build.0 = Debug|x86
		{5AE7C1E6-A511-41A9-9A9F-E8A0944319A2}.Release|Any CPU.ActiveCfg = Release|Any CPU
		{5AE7C1E6-A511-41A9-9A9F-E8A0944319A2}.Release|Any CPU.Build.0 = Release|Any CPU
		{5AE7C1E6-A511-41A9-9A9F-E8A0944319A2}.Release|x64.ActiveCfg = Release|x64
		{5AE7C1E6-A511-41A9-9A9F-E8A0944319A2}.Release|x64.Build.0 = Release|x64
		{5AE7C1E6-A511-41A9-9A9F-E8A0944319A2}.Release|x86.ActiveCfg = Release|x86
		{5AE7C1E6-A511-41A9-9A9F-E8A0944319A2}.Release|x86.Build.0 = Release|x86
		{7F09ABC3-B6D8-473F-840F-FE5640244EB7}.Debug|Any CPU.ActiveCfg = Debug|Any CPU
		{7F09ABC3-B6D8-473F-840F-FE5640244EB7}.Debug|Any CPU.Build.0 = Debug|Any CPU
		{7F09ABC3-B6D8-473F-840F-FE5640244EB7}.Debug|x64.ActiveCfg = Debug|x64
		{7F09ABC3-B6D8-473F-840F-FE5640244EB7}.Debug|x64.Build.0 = Debug|x64
		{7F09ABC3-B6D8-473F-840F-FE5640244EB7}.Debug|x86.ActiveCfg = Debug|x86
		{7F09ABC3-B6D8-473F-840F-FE5640244EB7}.Debug|x86.Build.0 = Debug|x86
		{7F09ABC3-B6D8-473F-840F-FE5640244EB7}.Release|Any CPU.ActiveCfg = Release|Any CPU
		{7F09ABC3-B6D8-473F-840F-FE5640244EB7}.Release|Any CPU.Build.0 = Release|Any CPU
		{7F09ABC3-B6D8-473F-840F-FE5640244EB7}.Release|x64.ActiveCfg = Release|x64
		{7F09ABC3-B6D8-473F-840F-FE5640244EB7}.Release|x64.Build.0 = Release|x64
		{7F09ABC3-B6D8-473F-840F-FE5640244EB7}.Release|x86.ActiveCfg = Release|x86
		{7F09ABC3-B6D8-473F-840F-FE5640244EB7}.Release|x86.Build.0 = Release|x86
		{C69639FF-802A-43BB-8FAB-DCE582D74599}.Debug|Any CPU.ActiveCfg = Debug|Any CPU
		{C69639FF-802A-43BB-8FAB-DCE582D74599}.Debug|Any CPU.Build.0 = Debug|Any CPU
		{C69639FF-802A-43BB-8FAB-DCE582D74599}.Debug|x64.ActiveCfg = Debug|x64
		{C69639FF-802A-43BB-8FAB-DCE582D74599}.Debug|x64.Build.0 = Debug|x64
		{C69639FF-802A-43BB-8FAB-DCE582D74599}.Debug|x86.ActiveCfg = Debug|x86
		{C69639FF-802A-43BB-8FAB-DCE582D74599}.Debug|x86.Build.0 = Debug|x86
		{C69639FF-802A-43BB-8FAB-DCE582D74599}.Release|Any CPU.ActiveCfg = Release|Any CPU
		{C69639FF-802A-43BB-8FAB-DCE582D74599}.Release|Any CPU.Build.0 = Release|Any CPU
		{C69639FF-802A-43BB-8FAB-DCE582D74599}.Release|x64.ActiveCfg = Release|x64
		{C69639FF-802A-43BB-8FAB-DCE582D74599}.Release|x64.Build.0 = Release|x64
		{C69639FF-802A-43BB-8FAB-DCE582D74599}.Release|x86.ActiveCfg = Release|x86
		{C69639FF-802A-43BB-8FAB-DCE582D74599}.Release|x86.Build.0 = Release|x86
	EndGlobalSection
	GlobalSection(NestedProjects) = preSolution
		{A9B15BCE-C37B-4BA6-BC72-6E8A438F205D} = {01D1CDB5-2645-4929-865F-79B755DBC5B8}
		{20AE5602-B9B6-434D-A41D-CB988AC49E79} = {01D1CDB5-2645-4929-865F-79B755DBC5B8}
		{B56A16AD-5BFE-4D99-932C-9073CAFF3D80} = {20AE5602-B9B6-434D-A41D-CB988AC49E79}
		{3889AFB4-60BC-46CB-9747-4BD2F413B351} = {01D1CDB5-2645-4929-865F-79B755DBC5B8}
		{2E8F33E4-77F0-4954-9486-239D7124EB86} = {01D1CDB5-2645-4929-865F-79B755DBC5B8}
		{CEDA985E-30D3-400E-9869-4A22D5F9ADA5} = {01D1CDB5-2645-4929-865F-79B755DBC5B8}
	EndGlobalSection
EndGlobal
